
Microsoft Visual Studio Solution File, Format Version 12.00
# Visual Studio Version 16
VisualStudioVersion = 16.0.30320.27
MinimumVisualStudioVersion = 10.0.40219.1
Project("{FAE04EC0-301F-11D3-BF4B-00C04F79EFBC}") = "PokerCore", "PokerCore.csproj", "{CAE817AC-2EC1-4F7F-98E3-D83C10DF463C}"
EndProject
Global
	GlobalSection(SolutionConfigurationPlatforms) = preSolution
		Debug|Any CPU = Debug|Any CPU
		Release|Any CPU = Release|Any CPU
	EndGlobalSection
	GlobalSection(ProjectConfigurationPlatforms) = postSolution
		{CAE817AC-2EC1-4F7F-98E3-D83C10DF463C}.Debug|Any CPU.ActiveCfg = Debug|Any CPU
		{CAE817AC-2EC1-4F7F-98E3-D83C10DF463C}.Debug|Any CPU.Build.0 = Debug|Any CPU
		{CAE817AC-2EC1-4F7F-98E3-D83C10DF463C}.Release|Any CPU.ActiveCfg = Release|Any CPU
		{CAE817AC-2EC1-4F7F-98E3-D83C10DF463C}.Release|Any CPU.Build.0 = Release|Any CPU
	EndGlobalSection
	GlobalSection(SolutionProperties) = preSolution
		HideSolutionNode = FALSE
	EndGlobalSection
	GlobalSection(ExtensibilityGlobals) = postSolution
		SolutionGuid = {6AD5723D-441F-405B-B155-5B4F9DA5F207}
	EndGlobalSection
EndGlobal
